
Microsoft Visual Studio Solution File, Format Version 12.00
# Visual Studio Version 16
VisualStudioVersion = 16.0.31729.503
MinimumVisualStudioVersion = 10.0.40219.1
Project("{FAE04EC0-301F-11D3-BF4B-00C04F79EFBC}") = "DigitalFirm.Android", "DigitalFirm\DigitalFirm.Android\DigitalFirm.Android.csproj", "{16328CBE-2764-4E66-8A1C-C83D60D7BBD3}"
EndProject
Project("{FAE04EC0-301F-11D3-BF4B-00C04F79EFBC}") = "DigitalFirm", "DigitalFirm\DigitalFirm\DigitalFirm.csproj", "{9357758D-49D1-484D-BEA6-4800682C6549}"
EndProject
Global
	GlobalSection(SolutionConfigurationPlatforms) = preSolution
		Debug|Any CPU = Debug|Any CPU
		Release|Any CPU = Release|Any CPU
	EndGlobalSection
	GlobalSection(ProjectConfigurationPlatforms) = postSolution
		{16328CBE-2764-4E66-8A1C-C83D60D7BBD3}.Debug|Any CPU.ActiveCfg = Debug|Any CPU
		{16328CBE-2764-4E66-8A1C-C83D60D7BBD3}.Debug|Any CPU.Build.0 = Debug|Any CPU
		{16328CBE-2764-4E66-8A1C-C83D60D7BBD3}.Debug|Any CPU.Deploy.0 = Debug|Any CPU
		{16328CBE-2764-4E66-8A1C-C83D60D7BBD3}.Release|Any CPU.ActiveCfg = Release|Any CPU
		{16328CBE-2764-4E66-8A1C-C83D60D7BBD3}.Release|Any CPU.Build.0 = Release|Any CPU
		{16328CBE-2764-4E66-8A1C-C83D60D7BBD3}.Release|Any CPU.Deploy.0 = Release|Any CPU
		{9357758D-49D1-484D-BEA6-4800682C6549}.Debug|Any CPU.ActiveCfg = Debug|Any CPU
		{9357758D-49D1-484D-BEA6-4800682C6549}.Debug|Any CPU.Build.0 = Debug|Any CPU
		{9357758D-49D1-484D-BEA6-4800682C6549}.Debug|Any CPU.Deploy.0 = Debug|Any CPU
		{9357758D-49D1-484D-BEA6-4800682C6549}.Release|Any CPU.ActiveCfg = Release|Any CPU
		{9357758D-49D1-484D-BEA6-4800682C6549}.Release|Any CPU.Build.0 = Release|Any CPU
		{9357758D-49D1-484D-BEA6-4800682C6549}.Release|Any CPU.Deploy.0 = Release|Any CPU
	EndGlobalSection
	GlobalSection(SolutionProperties) = preSolution
		HideSolutionNode = FALSE
	EndGlobalSection
	GlobalSection(ExtensibilityGlobals) = postSolution
		SolutionGuid = {85134385-BFCC-4945-AFBE-2749B1F530A0}
	EndGlobalSection
EndGlobal
